// !$*UTF8*$!
{
	archiveVersion = 1;
	classes = {
	};
	objectVersion = 46;
	objects = {

/* Begin PBXBuildFile section */
		58413C92196989170074687F /* NeoCafeSagashiForSwift.sqlite in Resources */ = {isa = PBXBuildFile; fileRef = 58413C91196989170074687F /* NeoCafeSagashiForSwift.sqlite */; };
		586639C619400A3800623397 /* AppDelegate.swift in Sources */ = {isa = PBXBuildFile; fileRef = 586639C519400A3800623397 /* AppDelegate.swift */; };
		586639C919400A3800623397 /* NeoCafeSagashiForSwift.xcdatamodeld in Sources */ = {isa = PBXBuildFile; fileRef = 586639C719400A3800623397 /* NeoCafeSagashiForSwift.xcdatamodeld */; };
		586639CB19400A3800623397 /* ViewController.swift in Sources */ = {isa = PBXBuildFile; fileRef = 586639CA19400A3800623397 /* ViewController.swift */; };
		586639CE19400A3800623397 /* Main.storyboard in Resources */ = {isa = PBXBuildFile; fileRef = 586639CC19400A3800623397 /* Main.storyboard */; };
		586639D019400A3800623397 /* Images.xcassets in Resources */ = {isa = PBXBuildFile; fileRef = 586639CF19400A3800623397 /* Images.xcassets */; };
		586639DC19400A3800623397 /* NeoCafeSagashiForSwiftTests.swift in Sources */ = {isa = PBXBuildFile; fileRef = 586639DB19400A3800623397 /* NeoCafeSagashiForSwiftTests.swift */; };
		586639F01940C6F100623397 /* AdSupport.framework in Frameworks */ = {isa = PBXBuildFile; fileRef = 586639EF1940C6F100623397 /* AdSupport.framework */; };
		586639F21940C6F700623397 /* AVFoundation.framework in Frameworks */ = {isa = PBXBuildFile; fileRef = 586639F11940C6F700623397 /* AVFoundation.framework */; };
		586639F41940C7F200623397 /* AudioToolbox.framework in Frameworks */ = {isa = PBXBuildFile; fileRef = 586639F31940C7F200623397 /* AudioToolbox.framework */; };
		586639F61940C7FA00623397 /* CoreGraphics.framework in Frameworks */ = {isa = PBXBuildFile; fileRef = 586639F51940C7FA00623397 /* CoreGraphics.framework */; };
		586639FA1940C81900623397 /* MessageUI.framework in Frameworks */ = {isa = PBXBuildFile; fileRef = 586639F71940C81900623397 /* MessageUI.framework */; };
		586639FB1940C81900623397 /* StoreKit.framework in Frameworks */ = {isa = PBXBuildFile; fileRef = 586639F81940C81900623397 /* StoreKit.framework */; };
		586639FC1940C81900623397 /* SystemConfiguration.framework in Frameworks */ = {isa = PBXBuildFile; fileRef = 586639F91940C81900623397 /* SystemConfiguration.framework */; };
		58663A0A194124E100623397 /* libGoogleAdMobAds.a in Frameworks */ = {isa = PBXBuildFile; fileRef = 58663A09194124E100623397 /* libGoogleAdMobAds.a */; };
		58663A0C1941278600623397 /* CoreLocation.framework in Frameworks */ = {isa = PBXBuildFile; fileRef = 58663A0B1941278600623397 /* CoreLocation.framework */; };
		58663A1F19443E6500623397 /* Cafe.xcdatamodeld in Sources */ = {isa = PBXBuildFile; fileRef = 58663A1D19443E6500623397 /* Cafe.xcdatamodeld */; };
		58663A2019443E6500623397 /* Cafe.xcdatamodeld in Sources */ = {isa = PBXBuildFile; fileRef = 58663A1D19443E6500623397 /* Cafe.xcdatamodeld */; };
		58663A251944664400623397 /* _Cafe.m in Sources */ = {isa = PBXBuildFile; fileRef = 58663A221944664400623397 /* _Cafe.m */; };
		58663A261944664400623397 /* _Cafe.m in Sources */ = {isa = PBXBuildFile; fileRef = 58663A221944664400623397 /* _Cafe.m */; };
		58663A271944664400623397 /* Cafe.m in Sources */ = {isa = PBXBuildFile; fileRef = 58663A241944664400623397 /* Cafe.m */; };
		58663A281944664400623397 /* Cafe.m in Sources */ = {isa = PBXBuildFile; fileRef = 58663A241944664400623397 /* Cafe.m */; };
		588002981956FFA7009E94DA /* Web.swift in Sources */ = {isa = PBXBuildFile; fileRef = 588002961956FFA7009E94DA /* Web.swift */; };
		58FDAF8D194C52D8009CFAED /* MyUtil.swift in Sources */ = {isa = PBXBuildFile; fileRef = 58FDAF8C194C52D8009CFAED /* MyUtil.swift */; };
		D427FB06C0A346A5B7BE124D /* libPods.a in Frameworks */ = {isa = PBXBuildFile; fileRef = 8818A8D7BC05413E8656EFF3 /* libPods.a */; };
/* End PBXBuildFile section */

/* Begin PBXContainerItemProxy section */
		586639D619400A3800623397 /* PBXContainerItemProxy */ = {
			isa = PBXContainerItemProxy;
			containerPortal = 586639B819400A3800623397 /* Project object */;
			proxyType = 1;
			remoteGlobalIDString = 586639BF19400A3800623397;
			remoteInfo = NeoCafeSagashiForSwift;
		};
/* End PBXContainerItemProxy section */

/* Begin PBXFileReference section */
		21A060D7C819460B8DBD4F5A /* Pods.xcconfig */ = {isa = PBXFileReference; includeInIndex = 1; lastKnownFileType = text.xcconfig; name = Pods.xcconfig; path = Pods/Pods.xcconfig; sourceTree = "<group>"; };
		58413C91196989170074687F /* NeoCafeSagashiForSwift.sqlite */ = {isa = PBXFileReference; lastKnownFileType = file; path = NeoCafeSagashiForSwift.sqlite; sourceTree = "<group>"; };
		586639C019400A3800623397 /* NeoCafeSagashiForSwift.app */ = {isa = PBXFileReference; explicitFileType = wrapper.application; includeInIndex = 0; path = NeoCafeSagashiForSwift.app; sourceTree = BUILT_PRODUCTS_DIR; };
		586639C419400A3800623397 /* Info.plist */ = {isa = PBXFileReference; lastKnownFileType = text.plist.xml; path = Info.plist; sourceTree = "<group>"; };
		586639C519400A3800623397 /* AppDelegate.swift */ = {isa = PBXFileReference; lastKnownFileType = sourcecode.swift; path = AppDelegate.swift; sourceTree = "<group>"; };
		586639C819400A3800623397 /* NeoCafeSagashiForSwift.xcdatamodel */ = {isa = PBXFileReference; lastKnownFileType = wrapper.xcdatamodel; path = NeoCafeSagashiForSwift.xcdatamodel; sourceTree = "<group>"; };
		586639CA19400A3800623397 /* ViewController.swift */ = {isa = PBXFileReference; lastKnownFileType = sourcecode.swift; path = ViewController.swift; sourceTree = "<group>"; };
		586639CD19400A3800623397 /* Base */ = {isa = PBXFileReference; lastKnownFileType = file.storyboard; name = Base; path = Base.lproj/Main.storyboard; sourceTree = "<group>"; };
		586639CF19400A3800623397 /* Images.xcassets */ = {isa = PBXFileReference; lastKnownFileType = folder.assetcatalog; path = Images.xcassets; sourceTree = "<group>"; };
		586639D519400A3800623397 /* NeoCafeSagashiForSwiftTests.xctest */ = {isa = PBXFileReference; explicitFileType = wrapper.cfbundle; includeInIndex = 0; path = NeoCafeSagashiForSwiftTests.xctest; sourceTree = BUILT_PRODUCTS_DIR; };
		586639DA19400A3800623397 /* Info.plist */ = {isa = PBXFileReference; lastKnownFileType = text.plist.xml; path = Info.plist; sourceTree = "<group>"; };
		586639DB19400A3800623397 /* NeoCafeSagashiForSwiftTests.swift */ = {isa = PBXFileReference; lastKnownFileType = sourcecode.swift; path = NeoCafeSagashiForSwiftTests.swift; sourceTree = "<group>"; };
		586639ED1940118D00623397 /* Bridging-Header.h */ = {isa = PBXFileReference; fileEncoding = 4; lastKnownFileType = sourcecode.c.h; path = "Bridging-Header.h"; sourceTree = "<group>"; };
		586639EF1940C6F100623397 /* AdSupport.framework */ = {isa = PBXFileReference; lastKnownFileType = wrapper.framework; name = AdSupport.framework; path = System/Library/Frameworks/AdSupport.framework; sourceTree = SDKROOT; };
		586639F11940C6F700623397 /* AVFoundation.framework */ = {isa = PBXFileReference; lastKnownFileType = wrapper.framework; name = AVFoundation.framework; path = System/Library/Frameworks/AVFoundation.framework; sourceTree = SDKROOT; };
		586639F31940C7F200623397 /* AudioToolbox.framework */ = {isa = PBXFileReference; lastKnownFileType = wrapper.framework; name = AudioToolbox.framework; path = System/Library/Frameworks/AudioToolbox.framework; sourceTree = SDKROOT; };
		586639F51940C7FA00623397 /* CoreGraphics.framework */ = {isa = PBXFileReference; lastKnownFileType = wrapper.framework; name = CoreGraphics.framework; path = System/Library/Frameworks/CoreGraphics.framework; sourceTree = SDKROOT; };
		586639F71940C81900623397 /* MessageUI.framework */ = {isa = PBXFileReference; lastKnownFileType = wrapper.framework; name = MessageUI.framework; path = System/Library/Frameworks/MessageUI.framework; sourceTree = SDKROOT; };
		586639F81940C81900623397 /* StoreKit.framework */ = {isa = PBXFileReference; lastKnownFileType = wrapper.framework; name = StoreKit.framework; path = System/Library/Frameworks/StoreKit.framework; sourceTree = SDKROOT; };
		586639F91940C81900623397 /* SystemConfiguration.framework */ = {isa = PBXFileReference; lastKnownFileType = wrapper.framework; name = SystemConfiguration.framework; path = System/Library/Frameworks/SystemConfiguration.framework; sourceTree = SDKROOT; };
		586639FD194124E100623397 /* GADAdMobExtras.h */ = {isa = PBXFileReference; fileEncoding = 4; lastKnownFileType = sourcecode.c.h; path = GADAdMobExtras.h; sourceTree = "<group>"; };
		586639FE194124E100623397 /* GADAdNetworkExtras.h */ = {isa = PBXFileReference; fileEncoding = 4; lastKnownFileType = sourcecode.c.h; path = GADAdNetworkExtras.h; sourceTree = "<group>"; };
		586639FF194124E100623397 /* GADAdSize.h */ = {isa = PBXFileReference; fileEncoding = 4; lastKnownFileType = sourcecode.c.h; path = GADAdSize.h; sourceTree = "<group>"; };
		58663A00194124E100623397 /* GADBannerView.h */ = {isa = PBXFileReference; fileEncoding = 4; lastKnownFileType = sourcecode.c.h; path = GADBannerView.h; sourceTree = "<group>"; };
		58663A01194124E100623397 /* GADBannerViewDelegate.h */ = {isa = PBXFileReference; fileEncoding = 4; lastKnownFileType = sourcecode.c.h; path = GADBannerViewDelegate.h; sourceTree = "<group>"; };
		58663A02194124E100623397 /* GADInAppPurchase.h */ = {isa = PBXFileReference; fileEncoding = 4; lastKnownFileType = sourcecode.c.h; path = GADInAppPurchase.h; sourceTree = "<group>"; };
		58663A03194124E100623397 /* GADInAppPurchaseDelegate.h */ = {isa = PBXFileReference; fileEncoding = 4; lastKnownFileType = sourcecode.c.h; path = GADInAppPurchaseDelegate.h; sourceTree = "<group>"; };
		58663A04194124E100623397 /* GADInterstitial.h */ = {isa = PBXFileReference; fileEncoding = 4; lastKnownFileType = sourcecode.c.h; path = GADInterstitial.h; sourceTree = "<group>"; };
		58663A05194124E100623397 /* GADInterstitialDelegate.h */ = {isa = PBXFileReference; fileEncoding = 4; lastKnownFileType = sourcecode.c.h; path = GADInterstitialDelegate.h; sourceTree = "<group>"; };
		58663A06194124E100623397 /* GADModules.h */ = {isa = PBXFileReference; fileEncoding = 4; lastKnownFileType = sourcecode.c.h; path = GADModules.h; sourceTree = "<group>"; };
		58663A07194124E100623397 /* GADRequest.h */ = {isa = PBXFileReference; fileEncoding = 4; lastKnownFileType = sourcecode.c.h; path = GADRequest.h; sourceTree = "<group>"; };
		58663A08194124E100623397 /* GADRequestError.h */ = {isa = PBXFileReference; fileEncoding = 4; lastKnownFileType = sourcecode.c.h; path = GADRequestError.h; sourceTree = "<group>"; };
		58663A09194124E100623397 /* libGoogleAdMobAds.a */ = {isa = PBXFileReference; lastKnownFileType = archive.ar; path = libGoogleAdMobAds.a; sourceTree = "<group>"; };
		58663A0B1941278600623397 /* CoreLocation.framework */ = {isa = PBXFileReference; lastKnownFileType = wrapper.framework; name = CoreLocation.framework; path = System/Library/Frameworks/CoreLocation.framework; sourceTree = SDKROOT; };
		58663A0D1942A1A500623397 /* GoogleMapAPIKey.h */ = {isa = PBXFileReference; fileEncoding = 4; lastKnownFileType = sourcecode.c.h; path = GoogleMapAPIKey.h; sourceTree = "<group>"; };
		58663A0F194312D000623397 /* NeoCafeSagashiForSwiftTests-Bridging-Header.h */ = {isa = PBXFileReference; lastKnownFileType = sourcecode.c.h; path = "NeoCafeSagashiForSwiftTests-Bridging-Header.h"; sourceTree = "<group>"; };
		58663A1E19443E6500623397 /* Cafe.xcdatamodel */ = {isa = PBXFileReference; lastKnownFileType = wrapper.xcdatamodel; path = Cafe.xcdatamodel; sourceTree = "<group>"; };
		58663A211944664400623397 /* _Cafe.h */ = {isa = PBXFileReference; fileEncoding = 4; lastKnownFileType = sourcecode.c.h; name = _Cafe.h; path = Model/_Cafe.h; sourceTree = "<group>"; };
		58663A221944664400623397 /* _Cafe.m */ = {isa = PBXFileReference; fileEncoding = 4; lastKnownFileType = sourcecode.c.objc; name = _Cafe.m; path = Model/_Cafe.m; sourceTree = "<group>"; };
		58663A231944664400623397 /* Cafe.h */ = {isa = PBXFileReference; fileEncoding = 4; lastKnownFileType = sourcecode.c.h; name = Cafe.h; path = Model/Cafe.h; sourceTree = "<group>"; };
		58663A241944664400623397 /* Cafe.m */ = {isa = PBXFileReference; fileEncoding = 4; lastKnownFileType = sourcecode.c.objc; name = Cafe.m; path = Model/Cafe.m; sourceTree = "<group>"; };
		588002961956FFA7009E94DA /* Web.swift */ = {isa = PBXFileReference; fileEncoding = 4; lastKnownFileType = sourcecode.swift; path = Web.swift; sourceTree = "<group>"; };
		58FDAF8C194C52D8009CFAED /* MyUtil.swift */ = {isa = PBXFileReference; fileEncoding = 4; lastKnownFileType = sourcecode.swift; path = MyUtil.swift; sourceTree = "<group>"; };
		8818A8D7BC05413E8656EFF3 /* libPods.a */ = {isa = PBXFileReference; explicitFileType = archive.ar; includeInIndex = 0; path = libPods.a; sourceTree = BUILT_PRODUCTS_DIR; };
/* End PBXFileReference section */

/* Begin PBXFrameworksBuildPhase section */
		586639BD19400A3800623397 /* Frameworks */ = {
			isa = PBXFrameworksBuildPhase;
			buildActionMask = 2147483647;
			files = (
				58663A0C1941278600623397 /* CoreLocation.framework in Frameworks */,
				586639FA1940C81900623397 /* MessageUI.framework in Frameworks */,
				586639FB1940C81900623397 /* StoreKit.framework in Frameworks */,
				58663A0A194124E100623397 /* libGoogleAdMobAds.a in Frameworks */,
				586639FC1940C81900623397 /* SystemConfiguration.framework in Frameworks */,
				586639F61940C7FA00623397 /* CoreGraphics.framework in Frameworks */,
				586639F41940C7F200623397 /* AudioToolbox.framework in Frameworks */,
				586639F21940C6F700623397 /* AVFoundation.framework in Frameworks */,
				586639F01940C6F100623397 /* AdSupport.framework in Frameworks */,
				D427FB06C0A346A5B7BE124D /* libPods.a in Frameworks */,
			);
			runOnlyForDeploymentPostprocessing = 0;
		};
		586639D219400A3800623397 /* Frameworks */ = {
			isa = PBXFrameworksBuildPhase;
			buildActionMask = 2147483647;
			files = (
			);
			runOnlyForDeploymentPostprocessing = 0;
		};
/* End PBXFrameworksBuildPhase section */

/* Begin PBXGroup section */
		586639B719400A3800623397 = {
			isa = PBXGroup;
			children = (
				58FDAF89194C529C009CFAED /* lib */,
				58663A1C19443E3600623397 /* model */,
				58663A0E1943129400623397 /* objective-c */,
				58663A0D1942A1A500623397 /* GoogleMapAPIKey.h */,
				586639EE1940B5ED00623397 /* admob */,
				586639ED1940118D00623397 /* Bridging-Header.h */,
				586639C219400A3800623397 /* NeoCafeSagashiForSwift */,
				586639D819400A3800623397 /* NeoCafeSagashiForSwiftTests */,
				586639C119400A3800623397 /* Products */,
				21A060D7C819460B8DBD4F5A /* Pods.xcconfig */,
				EE4CFD6B47B5441AA1A2C556 /* Frameworks */,
			);
			sourceTree = "<group>";
		};
		586639C119400A3800623397 /* Products */ = {
			isa = PBXGroup;
			children = (
				586639C019400A3800623397 /* NeoCafeSagashiForSwift.app */,
				586639D519400A3800623397 /* NeoCafeSagashiForSwiftTests.xctest */,
			);
			name = Products;
			sourceTree = "<group>";
		};
		586639C219400A3800623397 /* NeoCafeSagashiForSwift */ = {
			isa = PBXGroup;
			children = (
				58413C91196989170074687F /* NeoCafeSagashiForSwift.sqlite */,
				586639C519400A3800623397 /* AppDelegate.swift */,
				586639CA19400A3800623397 /* ViewController.swift */,
				586639CC19400A3800623397 /* Main.storyboard */,
				586639CF19400A3800623397 /* Images.xcassets */,
				586639C719400A3800623397 /* NeoCafeSagashiForSwift.xcdatamodeld */,
				586639C319400A3800623397 /* Supporting Files */,
				588002961956FFA7009E94DA /* Web.swift */,
			);
			path = NeoCafeSagashiForSwift;
			sourceTree = "<group>";
		};
		586639C319400A3800623397 /* Supporting Files */ = {
			isa = PBXGroup;
			children = (
				586639C419400A3800623397 /* Info.plist */,
			);
			name = "Supporting Files";
			sourceTree = "<group>";
		};
		586639D819400A3800623397 /* NeoCafeSagashiForSwiftTests */ = {
			isa = PBXGroup;
			children = (
				586639DB19400A3800623397 /* NeoCafeSagashiForSwiftTests.swift */,
				586639D919400A3800623397 /* Supporting Files */,
			);
			path = NeoCafeSagashiForSwiftTests;
			sourceTree = "<group>";
		};
		586639D919400A3800623397 /* Supporting Files */ = {
			isa = PBXGroup;
			children = (
				586639DA19400A3800623397 /* Info.plist */,
			);
			name = "Supporting Files";
			sourceTree = "<group>";
		};
		586639EE1940B5ED00623397 /* admob */ = {
			isa = PBXGroup;
			children = (
				586639FD194124E100623397 /* GADAdMobExtras.h */,
				586639FE194124E100623397 /* GADAdNetworkExtras.h */,
				586639FF194124E100623397 /* GADAdSize.h */,
				58663A00194124E100623397 /* GADBannerView.h */,
				58663A01194124E100623397 /* GADBannerViewDelegate.h */,
				58663A02194124E100623397 /* GADInAppPurchase.h */,
				58663A03194124E100623397 /* GADInAppPurchaseDelegate.h */,
				58663A04194124E100623397 /* GADInterstitial.h */,
				58663A05194124E100623397 /* GADInterstitialDelegate.h */,
				58663A06194124E100623397 /* GADModules.h */,
				58663A07194124E100623397 /* GADRequest.h */,
				58663A08194124E100623397 /* GADRequestError.h */,
				58663A09194124E100623397 /* libGoogleAdMobAds.a */,
			);
			name = admob;
			sourceTree = "<group>";
		};
		58663A0E1943129400623397 /* objective-c */ = {
			isa = PBXGroup;
			children = (
				58663A0F194312D000623397 /* NeoCafeSagashiForSwiftTests-Bridging-Header.h */,
			);
			name = "objective-c";
			sourceTree = "<group>";
		};
		58663A1C19443E3600623397 /* model */ = {
			isa = PBXGroup;
			children = (
				58663A211944664400623397 /* _Cafe.h */,
				58663A221944664400623397 /* _Cafe.m */,
				58663A231944664400623397 /* Cafe.h */,
				58663A241944664400623397 /* Cafe.m */,
				58663A1D19443E6500623397 /* Cafe.xcdatamodeld */,
			);
			name = model;
			sourceTree = "<group>";
		};
		58FDAF89194C529C009CFAED /* lib */ = {
			isa = PBXGroup;
			children = (
				58FDAF8C194C52D8009CFAED /* MyUtil.swift */,
			);
			name = lib;
			sourceTree = "<group>";
		};
		EE4CFD6B47B5441AA1A2C556 /* Frameworks */ = {
			isa = PBXGroup;
			children = (
				58663A0B1941278600623397 /* CoreLocation.framework */,
				586639F71940C81900623397 /* MessageUI.framework */,
				586639F81940C81900623397 /* StoreKit.framework */,
				586639F91940C81900623397 /* SystemConfiguration.framework */,
				586639F51940C7FA00623397 /* CoreGraphics.framework */,
				586639F31940C7F200623397 /* AudioToolbox.framework */,
				586639F11940C6F700623397 /* AVFoundation.framework */,
				586639EF1940C6F100623397 /* AdSupport.framework */,
				8818A8D7BC05413E8656EFF3 /* libPods.a */,
			);
			name = Frameworks;
			sourceTree = "<group>";
		};
/* End PBXGroup section */

/* Begin PBXNativeTarget section */
		586639BF19400A3800623397 /* NeoCafeSagashiForSwift */ = {
			isa = PBXNativeTarget;
			buildConfigurationList = 586639DF19400A3800623397 /* Build configuration list for PBXNativeTarget "NeoCafeSagashiForSwift" */;
			buildPhases = (
				7ABE0FC7F94B415AB1336093 /* Check Pods Manifest.lock */,
				586639BC19400A3800623397 /* Sources */,
				586639BD19400A3800623397 /* Frameworks */,
				586639BE19400A3800623397 /* Resources */,
				17394095E31E4ED995447A58 /* Copy Pods Resources */,
			);
			buildRules = (
			);
			dependencies = (
			);
			name = NeoCafeSagashiForSwift;
			productName = NeoCafeSagashiForSwift;
			productReference = 586639C019400A3800623397 /* NeoCafeSagashiForSwift.app */;
			productType = "com.apple.product-type.application";
		};
		586639D419400A3800623397 /* NeoCafeSagashiForSwiftTests */ = {
			isa = PBXNativeTarget;
			buildConfigurationList = 586639E219400A3800623397 /* Build configuration list for PBXNativeTarget "NeoCafeSagashiForSwiftTests" */;
			buildPhases = (
				586639D119400A3800623397 /* Sources */,
				586639D219400A3800623397 /* Frameworks */,
				586639D319400A3800623397 /* Resources */,
			);
			buildRules = (
			);
			dependencies = (
				586639D719400A3800623397 /* PBXTargetDependency */,
			);
			name = NeoCafeSagashiForSwiftTests;
			productName = NeoCafeSagashiForSwiftTests;
			productReference = 586639D519400A3800623397 /* NeoCafeSagashiForSwiftTests.xctest */;
			productType = "com.apple.product-type.bundle.unit-test";
		};
/* End PBXNativeTarget section */

/* Begin PBXProject section */
		586639B819400A3800623397 /* Project object */ = {
			isa = PBXProject;
			attributes = {
				LastUpgradeCheck = 0600;
				ORGANIZATIONNAME = "HIRATSUKA SHUNSUKE";
				TargetAttributes = {
					586639BF19400A3800623397 = {
						CreatedOnToolsVersion = 6.0;
						DevelopmentTeam = GSX2TRMV6J;
					};
					586639D419400A3800623397 = {
						CreatedOnToolsVersion = 6.0;
						TestTargetID = 586639BF19400A3800623397;
					};
				};
			};
			buildConfigurationList = 586639BB19400A3800623397 /* Build configuration list for PBXProject "NeoCafeSagashiForSwift" */;
			compatibilityVersion = "Xcode 3.2";
			developmentRegion = English;
			hasScannedForEncodings = 0;
			knownRegions = (
				en,
				Base,
			);
			mainGroup = 586639B719400A3800623397;
			productRefGroup = 586639C119400A3800623397 /* Products */;
			projectDirPath = "";
			projectRoot = "";
			targets = (
				586639BF19400A3800623397 /* NeoCafeSagashiForSwift */,
				586639D419400A3800623397 /* NeoCafeSagashiForSwiftTests */,
			);
		};
/* End PBXProject section */

/* Begin PBXResourcesBuildPhase section */
		586639BE19400A3800623397 /* Resources */ = {
			isa = PBXResourcesBuildPhase;
			buildActionMask = 2147483647;
			files = (
				586639CE19400A3800623397 /* Main.storyboard in Resources */,
				586639D019400A3800623397 /* Images.xcassets in Resources */,
				58413C92196989170074687F /* NeoCafeSagashiForSwift.sqlite in Resources */,
			);
			runOnlyForDeploymentPostprocessing = 0;
		};
		586639D319400A3800623397 /* Resources */ = {
			isa = PBXResourcesBuildPhase;
			buildActionMask = 2147483647;
			files = (
			);
			runOnlyForDeploymentPostprocessing = 0;
		};
/* End PBXResourcesBuildPhase section */

/* Begin PBXShellScriptBuildPhase section */
		17394095E31E4ED995447A58 /* Copy Pods Resources */ = {
			isa = PBXShellScriptBuildPhase;
			buildActionMask = 2147483647;
			files = (
			);
			inputPaths = (
			);
			name = "Copy Pods Resources";
			outputPaths = (
			);
			runOnlyForDeploymentPostprocessing = 0;
			shellPath = /bin/sh;
			shellScript = "\"${SRCROOT}/Pods/Pods-resources.sh\"\n";
			showEnvVarsInLog = 0;
		};
		7ABE0FC7F94B415AB1336093 /* Check Pods Manifest.lock */ = {
			isa = PBXShellScriptBuildPhase;
			buildActionMask = 2147483647;
			files = (
			);
			inputPaths = (
			);
			name = "Check Pods Manifest.lock";
			outputPaths = (
			);
			runOnlyForDeploymentPostprocessing = 0;
			shellPath = /bin/sh;
			shellScript = "diff \"${PODS_ROOT}/../Podfile.lock\" \"${PODS_ROOT}/Manifest.lock\" > /dev/null\nif [[ $? != 0 ]] ; then\n    cat << EOM\nerror: The sandbox is not in sync with the Podfile.lock. Run 'pod install' or update your CocoaPods installation.\nEOM\n    exit 1\nfi\n";
			showEnvVarsInLog = 0;
		};
/* End PBXShellScriptBuildPhase section */

/* Begin PBXSourcesBuildPhase section */
		586639BC19400A3800623397 /* Sources */ = {
			isa = PBXSourcesBuildPhase;
			buildActionMask = 2147483647;
			files = (
				58663A1F19443E6500623397 /* Cafe.xcdatamodeld in Sources */,
				58FDAF8D194C52D8009CFAED /* MyUtil.swift in Sources */,
				588002981956FFA7009E94DA /* Web.swift in Sources */,
				586639CB19400A3800623397 /* ViewController.swift in Sources */,
				586639C919400A3800623397 /* NeoCafeSagashiForSwift.xcdatamodeld in Sources */,
				58663A251944664400623397 /* _Cafe.m in Sources */,
				58663A271944664400623397 /* Cafe.m in Sources */,
				586639C619400A3800623397 /* AppDelegate.swift in Sources */,
			);
			runOnlyForDeploymentPostprocessing = 0;
		};
		586639D119400A3800623397 /* Sources */ = {
			isa = PBXSourcesBuildPhase;
			buildActionMask = 2147483647;
			files = (
				58663A281944664400623397 /* Cafe.m in Sources */,
				58663A261944664400623397 /* _Cafe.m in Sources */,
				58663A2019443E6500623397 /* Cafe.xcdatamodeld in Sources */,
				586639DC19400A3800623397 /* NeoCafeSagashiForSwiftTests.swift in Sources */,
			);
			runOnlyForDeploymentPostprocessing = 0;
		};
/* End PBXSourcesBuildPhase section */

/* Begin PBXTargetDependency section */
		586639D719400A3800623397 /* PBXTargetDependency */ = {
			isa = PBXTargetDependency;
			target = 586639BF19400A3800623397 /* NeoCafeSagashiForSwift */;
			targetProxy = 586639D619400A3800623397 /* PBXContainerItemProxy */;
		};
/* End PBXTargetDependency section */

/* Begin PBXVariantGroup section */
		586639CC19400A3800623397 /* Main.storyboard */ = {
			isa = PBXVariantGroup;
			children = (
				586639CD19400A3800623397 /* Base */,
			);
			name = Main.storyboard;
			sourceTree = "<group>";
		};
/* End PBXVariantGroup section */

/* Begin XCBuildConfiguration section */
		586639DD19400A3800623397 /* Debug */ = {
			isa = XCBuildConfiguration;
			buildSettings = {
				ALWAYS_SEARCH_USER_PATHS = NO;
				CLANG_CXX_LANGUAGE_STANDARD = "gnu++0x";
				CLANG_CXX_LIBRARY = "libc++";
				CLANG_ENABLE_MODULES = YES;
				CLANG_ENABLE_OBJC_ARC = YES;
				CLANG_WARN_BOOL_CONVERSION = YES;
				CLANG_WARN_CONSTANT_CONVERSION = YES;
				CLANG_WARN_DIRECT_OBJC_ISA_USAGE = YES_ERROR;
				CLANG_WARN_EMPTY_BODY = YES;
				CLANG_WARN_ENUM_CONVERSION = YES;
				CLANG_WARN_INT_CONVERSION = YES;
				CLANG_WARN_OBJC_ROOT_CLASS = YES_ERROR;
				CLANG_WARN_UNREACHABLE_CODE = YES;
				CLANG_WARN__DUPLICATE_METHOD_MATCH = YES;
				"CODE_SIGN_IDENTITY[sdk=iphoneos*]" = "iPhone Developer";
				COPY_PHASE_STRIP = NO;
				ENABLE_STRICT_OBJC_MSGSEND = YES;
				GCC_C_LANGUAGE_STANDARD = gnu99;
				GCC_DYNAMIC_NO_PIC = NO;
				GCC_OPTIMIZATION_LEVEL = 0;
				GCC_PREPROCESSOR_DEFINITIONS = (
					"DEBUG=1",
					"$(inherited)",
				);
				GCC_SYMBOLS_PRIVATE_EXTERN = NO;
				GCC_WARN_64_TO_32_BIT_CONVERSION = YES;
				GCC_WARN_ABOUT_RETURN_TYPE = YES_ERROR;
				GCC_WARN_UNDECLARED_SELECTOR = YES;
				GCC_WARN_UNINITIALIZED_AUTOS = YES_AGGRESSIVE;
				GCC_WARN_UNUSED_FUNCTION = YES;
				GCC_WARN_UNUSED_VARIABLE = YES;
				IPHONEOS_DEPLOYMENT_TARGET = 8.0;
				METAL_ENABLE_DEBUG_INFO = YES;
				ONLY_ACTIVE_ARCH = YES;
				SDKROOT = iphoneos;
				SWIFT_OPTIMIZATION_LEVEL = "-Onone";
				TARGETED_DEVICE_FAMILY = "1,2";
			};
			name = Debug;
		};
		586639DE19400A3800623397 /* Release */ = {
			isa = XCBuildConfiguration;
			buildSettings = {
				ALWAYS_SEARCH_USER_PATHS = NO;
				CLANG_CXX_LANGUAGE_STANDARD = "gnu++0x";
				CLANG_CXX_LIBRARY = "libc++";
				CLANG_ENABLE_MODULES = YES;
				CLANG_ENABLE_OBJC_ARC = YES;
				CLANG_WARN_BOOL_CONVERSION = YES;
				CLANG_WARN_CONSTANT_CONVERSION = YES;
				CLANG_WARN_DIRECT_OBJC_ISA_USAGE = YES_ERROR;
				CLANG_WARN_EMPTY_BODY = YES;
				CLANG_WARN_ENUM_CONVERSION = YES;
				CLANG_WARN_INT_CONVERSION = YES;
				CLANG_WARN_OBJC_ROOT_CLASS = YES_ERROR;
				CLANG_WARN_UNREACHABLE_CODE = YES;
				CLANG_WARN__DUPLICATE_METHOD_MATCH = YES;
				"CODE_SIGN_IDENTITY[sdk=iphoneos*]" = "iPhone Developer";
				COPY_PHASE_STRIP = YES;
				ENABLE_NS_ASSERTIONS = NO;
				ENABLE_STRICT_OBJC_MSGSEND = YES;
				GCC_C_LANGUAGE_STANDARD = gnu99;
				GCC_WARN_64_TO_32_BIT_CONVERSION = YES;
				GCC_WARN_ABOUT_RETURN_TYPE = YES_ERROR;
				GCC_WARN_UNDECLARED_SELECTOR = YES;
				GCC_WARN_UNINITIALIZED_AUTOS = YES_AGGRESSIVE;
				GCC_WARN_UNUSED_FUNCTION = YES;
				GCC_WARN_UNUSED_VARIABLE = YES;
				IPHONEOS_DEPLOYMENT_TARGET = 8.0;
				METAL_ENABLE_DEBUG_INFO = NO;
				SDKROOT = iphoneos;
				TARGETED_DEVICE_FAMILY = "1,2";
				VALIDATE_PRODUCT = YES;
			};
			name = Release;
		};
		586639E019400A3800623397 /* Debug */ = {
			isa = XCBuildConfiguration;
			baseConfigurationReference = 21A060D7C819460B8DBD4F5A /* Pods.xcconfig */;
			buildSettings = {
				ASSETCATALOG_COMPILER_APPICON_NAME = AppIcon;
				ASSETCATALOG_COMPILER_LAUNCHIMAGE_NAME = LaunchImage;
				INFOPLIST_FILE = NeoCafeSagashiForSwift/Info.plist;
				IPHONEOS_DEPLOYMENT_TARGET = 8.0;
				LD_RUNPATH_SEARCH_PATHS = "$(inherited) @executable_path/Frameworks";
				LIBRARY_SEARCH_PATHS = (
					"$(inherited)",
					"$(PROJECT_DIR)",
				);
				PRODUCT_NAME = "$(TARGET_NAME)";
				SWIFT_OBJC_BRIDGING_HEADER = "Bridging-Header.h";
				"SWIFT_OBJC_BRIDGING_HEADER[arch=*]" = "Bridging-Header.h";
				VALID_ARCHS = "armv7 armv7s arm64";
			};
			name = Debug;
		};
		586639E119400A3800623397 /* Release */ = {
			isa = XCBuildConfiguration;
			baseConfigurationReference = 21A060D7C819460B8DBD4F5A /* Pods.xcconfig */;
			buildSettings = {
				ASSETCATALOG_COMPILER_APPICON_NAME = AppIcon;
				ASSETCATALOG_COMPILER_LAUNCHIMAGE_NAME = LaunchImage;
				INFOPLIST_FILE = NeoCafeSagashiForSwift/Info.plist;
				IPHONEOS_DEPLOYMENT_TARGET = 8.0;
				LD_RUNPATH_SEARCH_PATHS = "$(inherited) @executable_path/Frameworks";
				LIBRARY_SEARCH_PATHS = (
					"$(inherited)",
					"$(PROJECT_DIR)",
				);
				PRODUCT_NAME = "$(TARGET_NAME)";
				SWIFT_OBJC_BRIDGING_HEADER = "Bridging-Header.h";
				VALID_ARCHS = "armv7 armv7s arm64";
			};
			name = Release;
		};
		586639E319400A3800623397 /* Debug */ = {
			isa = XCBuildConfiguration;
			buildSettings = {
				BUNDLE_LOADER = "$(BUILT_PRODUCTS_DIR)/NeoCafeSagashiForSwift.app/NeoCafeSagashiForSwift";
				CLANG_ENABLE_MODULES = YES;
				FRAMEWORK_SEARCH_PATHS = (
					"$(SDKROOT)/Developer/Library/Frameworks",
					"$(inherited)",
				);
				GCC_PREPROCESSOR_DEFINITIONS = (
					"DEBUG=1",
					"$(inherited)",
				);
				INFOPLIST_FILE = NeoCafeSagashiForSwiftTests/Info.plist;
				LD_RUNPATH_SEARCH_PATHS = "$(inherited) @executable_path/Frameworks @loader_path/Frameworks";
				METAL_ENABLE_DEBUG_INFO = YES;
				PRODUCT_NAME = "$(TARGET_NAME)";
				SWIFT_OBJC_BRIDGING_HEADER = "NeoCafeSagashiForSwiftTests-Bridging-Header.h";
				SWIFT_OPTIMIZATION_LEVEL = "-Onone";
				TEST_HOST = "$(BUNDLE_LOADER)";
			};
			name = Debug;
		};
		586639E419400A3800623397 /* Release */ = {
			isa = XCBuildConfiguration;
			buildSettings = {
				BUNDLE_LOADER = "$(BUILT_PRODUCTS_DIR)/NeoCafeSagashiForSwift.app/NeoCafeSagashiForSwift";
				CLANG_ENABLE_MODULES = YES;
				FRAMEWORK_SEARCH_PATHS = (
					"$(SDKROOT)/Developer/Library/Frameworks",
					"$(inherited)",
				);
				INFOPLIST_FILE = NeoCafeSagashiForSwiftTests/Info.plist;
				LD_RUNPATH_SEARCH_PATHS = "$(inherited) @executable_path/Frameworks @loader_path/Frameworks";
				METAL_ENABLE_DEBUG_INFO = NO;
				PRODUCT_NAME = "$(TARGET_NAME)";
				SWIFT_OBJC_BRIDGING_HEADER = "NeoCafeSagashiForSwiftTests-Bridging-Header.h";
				TEST_HOST = "$(BUNDLE_LOADER)";
			};
			name = Release;
		};
/* End XCBuildConfiguration section */

/* Begin XCConfigurationList section */
		586639BB19400A3800623397 /* Build configuration list for PBXProject "NeoCafeSagashiForSwift" */ = {
			isa = XCConfigurationList;
			buildConfigurations = (
				586639DD19400A3800623397 /* Debug */,
				586639DE19400A3800623397 /* Release */,
			);
			defaultConfigurationIsVisible = 0;
			defaultConfigurationName = Release;
		};
		586639DF19400A3800623397 /* Build configuration list for PBXNativeTarget "NeoCafeSagashiForSwift" */ = {
			isa = XCConfigurationList;
			buildConfigurations = (
				586639E019400A3800623397 /* Debug */,
				586639E119400A3800623397 /* Release */,
			);
			defaultConfigurationIsVisible = 0;
			defaultConfigurationName = Release;
		};
		586639E219400A3800623397 /* Build configuration list for PBXNativeTarget "NeoCafeSagashiForSwiftTests" */ = {
			isa = XCConfigurationList;
			buildConfigurations = (
				586639E319400A3800623397 /* Debug */,
				586639E419400A3800623397 /* Release */,
			);
			defaultConfigurationIsVisible = 0;
			defaultConfigurationName = Release;
		};
/* End XCConfigurationList section */

/* Begin XCVersionGroup section */
		586639C719400A3800623397 /* NeoCafeSagashiForSwift.xcdatamodeld */ = {
			isa = XCVersionGroup;
			children = (
				586639C819400A3800623397 /* NeoCafeSagashiForSwift.xcdatamodel */,
			);
			currentVersion = 586639C819400A3800623397 /* NeoCafeSagashiForSwift.xcdatamodel */;
			path = NeoCafeSagashiForSwift.xcdatamodeld;
			sourceTree = "<group>";
			versionGroupType = wrapper.xcdatamodel;
		};
		58663A1D19443E6500623397 /* Cafe.xcdatamodeld */ = {
			isa = XCVersionGroup;
			children = (
				58663A1E19443E6500623397 /* Cafe.xcdatamodel */,
			);
			currentVersion = 58663A1E19443E6500623397 /* Cafe.xcdatamodel */;
			path = Cafe.xcdatamodeld;
			sourceTree = "<group>";
			versionGroupType = wrapper.xcdatamodel;
		};
/* End XCVersionGroup section */
	};
	rootObject = 586639B819400A3800623397 /* Project object */;
}
